
Microsoft Visual Studio Solution File, Format Version 12.00
# Visual Studio 15
VisualStudioVersion = 15.0.27130.2010
MinimumVisualStudioVersion = 10.0.40219.1
Project("{FAE04EC0-301F-11D3-BF4B-00C04F79EFBC}") = "PEunion", "PEunion\PEunion.csproj", "{F38E899B-5DE3-4BB0-BB47-4B7CA70AED74}"
EndProject
Global
	GlobalSection(SolutionConfigurationPlatforms) = preSolution
		Debug|Any CPU = Debug|Any CPU
		Release|Any CPU = Release|Any CPU
	EndGlobalSection
	GlobalSection(ProjectConfigurationPlatforms) = postSolution
		{F38E899B-5DE3-4BB0-BB47-4B7CA70AED74}.Debug|Any CPU.ActiveCfg = Debug|Any CPU
		{F38E899B-5DE3-4BB0-BB47-4B7CA70AED74}.Debug|Any CPU.Build.0 = Debug|Any CPU
		{F38E899B-5DE3-4BB0-BB47-4B7CA70AED74}.Release|Any CPU.ActiveCfg = Release|Any CPU
		{F38E899B-5DE3-4BB0-BB47-4B7CA70AED74}.Release|Any CPU.Build.0 = Release|Any CPU
	EndGlobalSection
	GlobalSection(SolutionProperties) = preSolution
		HideSolutionNode = FALSE
	EndGlobalSection
	GlobalSection(ExtensibilityGlobals) = postSolution
		SolutionGuid = {2823AB8F-B635-4CB7-8B8D-4C569B1821CA}
	EndGlobalSection
EndGlobal
